hash: eab82ce22e2f5e152ea11cf67afa1c838d67384342c1e6dc4732fcc301bfffe2
updated: 2017-07-12T09:16:43.523988841-03:00
imports:
- name: github.com/alecthomas/gometalinter
  version: bae2f1293d092fd8167939d5108d1b025eaef9de
- name: github.com/asaskevich/govalidator
  version: 7b3beb6df3c42abd3509abfc3bcacc0fbfb7c877
- name: github.com/chzyer/readline
  version: 41eea22f717c616615e1e59aa06cf831f9901f35
- name: github.com/client9/misspell
  version: d06ddd376b273047dca6e16eeeb2a2a8f9791978
  subpackages:
  - cmd/misspell
- name: github.com/dchest/blake2b
  version: 06006a921c7d13e3fdf63c401cb0e4529a26e6e4
- name: github.com/go-ini/ini
  version: d3de07a94d22b4a0972deb4b96d790c2c0ce8333
- name: github.com/go-openapi/analysis
  version: d5a75b7d751ca3f11ad5d93cfe97405f2c3f6a47
- name: github.com/go-openapi/errors
  version: fc3f73a224499b047eda7191e5d22e1e9631e86f
- name: github.com/go-openapi/jsonpointer
  version: 779f45308c19820f1a69e9a4cd965f496e0da10f
- name: github.com/go-openapi/jsonreference
  version: 36d33bfe519efae5632669801b180bf1a245da3b
- name: github.com/go-openapi/loads
  version: 6bb6486231e079ea125c0f39994ed3d0c53399ed
  subpackages:
  - fmts
- name: github.com/go-openapi/runtime
  version: e66a4c4406028a04ddafd6002c378ffd3db7e52b
  subpackages:
  - client
- name: github.com/go-openapi/spec
  version: 02fb9cd3430ed0581e0ceb4804d5d4b3cc702694
- name: github.com/go-openapi/strfmt
  version: 93a31ef21ac23f317792fff78f9539219dd74619
- name: github.com/go-openapi/swag
  version: d5f8ebc3b1c55a4cf6489eeae7354f338cfe299e
- name: github.com/go-openapi/validate
  version: 035dcd74f1f61e83debe1c22950dc53556e7e4b2
- name: github.com/go-swagger/go-swagger
  version: fbc64c262a833b40adf3d2cdba241fc4d30664b0
  subpackages:
  - cmd/swagger
- name: github.com/golang/lint
  version: cb00e5669539f047b2f4c53a421a01b0c8e172c6
  subpackages:
  - golint
- name: github.com/gordonklaus/ineffassign
  version: f0c5cfc1817d6dd6011c7e8b8d272f94aeeb12cb
- name: github.com/mailru/easyjson
  version: 2af9a745a611440bab0528e5ac19b2805a1c50eb
  subpackages:
  - buffer
  - jlexer
  - jwriter
- name: github.com/manifoldco/go-base32
  version: b6687e64fc5e75d8bb58badb858d79c46b0eee96
- name: github.com/manifoldco/go-base64
  version: bb5e620cf51d2bbe78e624a2c27117655ce73acc
- name: github.com/manifoldco/go-manifold
  version: 8a4b15ba2615d028131c7050c9d0c5565266105e
  subpackages:
  - errors
  - idtype
- name: github.com/manifoldco/torus-cli
  version: 6968117466a156652a246a59301cd58310e5e965
  subpackages:
  - promptui
- name: github.com/mitchellh/mapstructure
  version: 53818660ed4955e899c0bcafa97299a388bd7c8e
- name: github.com/PuerkitoBio/purell
  version: 0bcb03f4b4d0a9428594752bd2a3b9aa0a9d4bd4
- name: github.com/PuerkitoBio/urlesc
  version: bbf7a2afc14f93e1e0a5c06df524fbd75e5031e5
- name: github.com/reconquest/hierr-go
  version: 5322b90dda9c2b563e915c9af76bf20a8b95f630
- name: github.com/tsenart/deadcode
  version: 210d2dc333e90c7e3eedf4f2242507a8e83ed4ab
- name: github.com/urfave/cli
  version: 0bdeddeeb0f650497d603c4ad7b20cfe685682f6
- name: golang.org/x/crypto
  version: 9ef620b9ca2f82b55030ffd4f41327fa9e77a92c
  subpackages:
  - ed25519
  - ed25519/internal/edwards25519
  - pbkdf2
  - scrypt
- name: golang.org/x/net
  version: d1e1b351919c6738fdeb9893d5c998b161464f0c
  subpackages:
  - context
  - context/ctxhttp
  - idna
- name: golang.org/x/sys
  version: f3918c30c5c2cb527c0b071a27c35120a6c0719a
  subpackages:
  - unix
- name: golang.org/x/text
  version: f4b4367115ec2de254587813edaa901bc1c723a8
  subpackages:
  - secure/bidirule
  - transform
  - unicode/bidi
  - unicode/norm
  - width
- name: golang.org/x/tools
  version: cd6e398dae38fb8b0b57f221b13c4b75c0a53fb9
  subpackages:
  - go/gcexportdata
- name: gopkg.in/mgo.v2
  version: 3f83fa5005286a7fe593b055f0d7771a7dce4655
  subpackages:
  - bson
  - internal/json
- name: gopkg.in/yaml.v2
  version: cd8b52f8269e0feb286dfeef29f8fe4d5b397e0b
testImports: []
