hash: 9972c736c3c52acda0f2dbd2cd9d4ff85c9e310f3ad7b6f9b094ec5db64089b1
updated: 2017-07-10T13:40:33.889493062-03:00
imports:
- name: github.com/alecthomas/gometalinter
  version: bae2f1293d092fd8167939d5108d1b025eaef9de
- name: github.com/client9/misspell
  version: d06ddd376b273047dca6e16eeeb2a2a8f9791978
  subpackages:
  - cmd/misspell
- name: github.com/go-swagger/go-swagger
  version: fbc64c262a833b40adf3d2cdba241fc4d30664b0
  subpackages:
  - cmd/swagger
- name: github.com/golang/lint
  version: cb00e5669539f047b2f4c53a421a01b0c8e172c6
  subpackages:
  - golint
- name: github.com/gordonklaus/ineffassign
  version: f0c5cfc1817d6dd6011c7e8b8d272f94aeeb12cb
- name: github.com/tsenart/deadcode
  version: 210d2dc333e90c7e3eedf4f2242507a8e83ed4ab
- name: github.com/urfave/cli
  version: 0bdeddeeb0f650497d603c4ad7b20cfe685682f6
- name: golang.org/x/tools
  version: cd6e398dae38fb8b0b57f221b13c4b75c0a53fb9
  subpackages:
  - go/gcexportdata
testImports: []
