# This file is autogenerated, do not edit; changes may be undone by the next 'dep ensure'.


[[projects]]
  name = "github.com/PuerkitoBio/purell"
  packages = ["."]
  revision = "0bcb03f4b4d0a9428594752bd2a3b9aa0a9d4bd4"
  version = "v1.1.0"

[[projects]]
  name = "github.com/PuerkitoBio/urlesc"
  packages = ["."]
  revision = "bbf7a2afc14f93e1e0a5c06df524fbd75e5031e5"

[[projects]]
  name = "github.com/asaskevich/govalidator"
  packages = ["."]
  revision = "7b3beb6df3c42abd3509abfc3bcacc0fbfb7c877"
  version = "v5"

[[projects]]
  name = "github.com/briandowns/spinner"
  packages = ["."]
  revision = "48dbb65d7bd5c74ab50d53d04c949f20e3d14944"
  version = "1.0"

[[projects]]
  name = "github.com/chzyer/readline"
  packages = ["."]
  revision = "41eea22f717c616615e1e59aa06cf831f9901f35"

[[projects]]
  branch = "master"
  name = "github.com/dchest/blake2b"
  packages = ["."]
  revision = "06006a921c7d13e3fdf63c401cb0e4529a26e6e4"

[[projects]]
  name = "github.com/fatih/color"
  packages = ["."]
  revision = "62e9147c64a1ed519147b62a56a14e83e2be02c1"

[[projects]]
  name = "github.com/go-ini/ini"
  packages = ["."]
  revision = "d3de07a94d22b4a0972deb4b96d790c2c0ce8333"
  version = "v1.28.0"

[[projects]]
  name = "github.com/go-openapi/analysis"
  packages = ["."]
  revision = "d5a75b7d751ca3f11ad5d93cfe97405f2c3f6a47"

[[projects]]
  name = "github.com/go-openapi/errors"
  packages = ["."]
  revision = "fc3f73a224499b047eda7191e5d22e1e9631e86f"

[[projects]]
  branch = "master"
  name = "github.com/go-openapi/jsonpointer"
  packages = ["."]
  revision = "779f45308c19820f1a69e9a4cd965f496e0da10f"

[[projects]]
  branch = "master"
  name = "github.com/go-openapi/jsonreference"
  packages = ["."]
  revision = "36d33bfe519efae5632669801b180bf1a245da3b"

[[projects]]
  name = "github.com/go-openapi/loads"
  packages = [".","fmts"]
  revision = "6bb6486231e079ea125c0f39994ed3d0c53399ed"

[[projects]]
  name = "github.com/go-openapi/runtime"
  packages = [".","client"]
  revision = "e66a4c4406028a04ddafd6002c378ffd3db7e52b"

[[projects]]
  name = "github.com/go-openapi/spec"
  packages = ["."]
  revision = "02fb9cd3430ed0581e0ceb4804d5d4b3cc702694"

[[projects]]
  name = "github.com/go-openapi/strfmt"
  packages = ["."]
  revision = "93a31ef21ac23f317792fff78f9539219dd74619"

[[projects]]
  name = "github.com/go-openapi/swag"
  packages = ["."]
  revision = "d5f8ebc3b1c55a4cf6489eeae7354f338cfe299e"

[[projects]]
  name = "github.com/go-openapi/validate"
  packages = ["."]
  revision = "035dcd74f1f61e83debe1c22950dc53556e7e4b2"

[[projects]]
  branch = "master"
  name = "github.com/juju/ansiterm"
  packages = [".","tabwriter"]
  revision = "35c59b9e0fe275705a71bf5d58ee293f27efbbc4"

[[projects]]
  branch = "master"
  name = "github.com/lunixbochs/vtclean"
  packages = ["."]
  revision = "d14193dfc626125c831501c1c42340b4248e1f5a"

[[projects]]
  name = "github.com/mailru/easyjson"
  packages = ["buffer","jlexer","jwriter"]
  revision = "2af9a745a611440bab0528e5ac19b2805a1c50eb"

[[projects]]
  name = "github.com/manifoldco/go-base32"
  packages = ["."]
  revision = "b6687e64fc5e75d8bb58badb858d79c46b0eee96"
  version = "v1.0.0"

[[projects]]
  name = "github.com/manifoldco/go-base64"
  packages = ["."]
  revision = "bb5e620cf51d2bbe78e624a2c27117655ce73acc"
  version = "v1.0.0"

[[projects]]
  name = "github.com/manifoldco/go-manifold"
  packages = [".","errors","idtype"]
  revision = "d7f843e17a66eb40fcdaafa36896f086cbbc214b"
  version = "v0.7.2"

[[projects]]
  name = "github.com/manifoldco/torus-cli"
  packages = ["promptui"]
  revision = "6968117466a156652a246a59301cd58310e5e965"
  version = "v0.24.1"

[[projects]]
  name = "github.com/mattn/go-colorable"
  packages = ["."]
  revision = "5411d3eea5978e6cdc258b30de592b60df6aba96"

[[projects]]
  name = "github.com/mattn/go-isatty"
  packages = ["."]
  revision = "57fdcb988a5c543893cc61bce354a6e24ab70022"

[[projects]]
  name = "github.com/mitchellh/mapstructure"
  packages = ["."]
  revision = "53818660ed4955e899c0bcafa97299a388bd7c8e"

[[projects]]
  name = "github.com/reconquest/hierr-go"
  packages = ["."]
  revision = "5322b90dda9c2b563e915c9af76bf20a8b95f630"

[[projects]]
  name = "github.com/rhymond/go-money"
  packages = ["."]
  revision = "b9b9af789ed62b7458e1f5c5f9a31eb0fc35f3c6"
  version = "v0.3.5"

[[projects]]
  branch = "master"
  name = "github.com/skratchdot/open-golang"
  packages = ["open"]
  revision = "75fb7ed4208cf72d323d7d02fd1a5964a7a9073c"

[[projects]]
  name = "github.com/stripe/stripe-go"
  packages = [".","orderitem","token"]
  revision = "924076d66af652a2a686a609dad8225f187a0f17"
  version = "v24.3.0"

[[projects]]
  name = "github.com/urfave/cli"
  packages = ["."]
  revision = "cfb38830724cc34fedffe9a2a29fb54fa9169cd1"
  version = "v1.20.0"

[[projects]]
  name = "golang.org/x/crypto"
  packages = ["ed25519","ed25519/internal/edwards25519","pbkdf2","scrypt"]
  revision = "9ef620b9ca2f82b55030ffd4f41327fa9e77a92c"

[[projects]]
  name = "golang.org/x/net"
  packages = ["context","context/ctxhttp","idna"]
  revision = "d1e1b351919c6738fdeb9893d5c998b161464f0c"

[[projects]]
  name = "golang.org/x/sys"
  packages = ["unix"]
  revision = "f3918c30c5c2cb527c0b071a27c35120a6c0719a"

[[projects]]
  name = "golang.org/x/text"
  packages = ["internal/gen","internal/triegen","internal/ucd","secure/bidirule","transform","unicode/bidi","unicode/cldr","unicode/norm","unicode/rangetable","width"]
  revision = "f4b4367115ec2de254587813edaa901bc1c723a8"

[[projects]]
  branch = "v2"
  name = "gopkg.in/mgo.v2"
  packages = ["bson","internal/json"]
  revision = "3f83fa5005286a7fe593b055f0d7771a7dce4655"

[[projects]]
  name = "gopkg.in/oleiade/reflections.v1"
  packages = ["."]
  revision = "2b6ec3da648e3e834dc41bad8d9ed7f2dc6a9496"
  version = "v1.0.0"

[[projects]]
  name = "gopkg.in/yaml.v2"
  packages = ["."]
  revision = "cd8b52f8269e0feb286dfeef29f8fe4d5b397e0b"

[solve-meta]
  analyzer-name = "dep"
  analyzer-version = 1
  inputs-digest = "7ec67883b51c797d8ebf2d5e7e615d9b5612d3d4ca2891336f5f29ed14ba9b78"
  solver-name = "gps-cdcl"
  solver-version = 1
